PODS:
  - Alamofire (4.7.3)
  - APJTextPickerView (0.0.8)
  - AWSCognito (2.6.33):
    - AWSCore (= 2.6.33)
  - AWSCognitoIdentityProvider (2.6.33):
    - AWSCognitoIdentityProviderASF (= 1.0.1)
    - AWSCore (= 2.6.33)
  - AWSCognitoIdentityProviderASF (1.0.1)
  - AWSCore (2.6.33)
  - Cosmos (17.0.0)
  - Crashlytics (3.11.1):
    - Fabric (~> 1.8.1)
  - Fabric (1.8.2)
  - JTAppleCalendar (7.1.6)
  - Mixpanel-swift (2.5.4):
    - Mixpanel-swift/Complete (= 2.5.4)
  - Mixpanel-swift/Complete (2.5.4)
  - PromiseKit (6.5.2):
    - PromiseKit/CorePromise (= 6.5.2)
    - PromiseKit/Foundation (= 6.5.2)
    - PromiseKit/UIKit (= 6.5.2)
  - PromiseKit/Alamofire (6.5.2):
    - Alamofire (~> 4.0)
    - PromiseKit/CorePromise
  - PromiseKit/CorePromise (6.5.2)
  - PromiseKit/Foundation (6.5.2):
    - PromiseKit/CorePromise
  - PromiseKit/UIKit (6.5.2):
    - PromiseKit/CorePromise
  - SwiftLint (0.27.0)
  - UICKeyChainStore (2.0.7)

DEPENDENCIES:
  - Alamofire (~> 4.7)
  - APJTextPickerView
  - AWSCognito (~> 2.6.28)
  - AWSCognitoIdentityProvider (~> 2.6.0)
  - AWSCore (~> 2.6.0)
  - Cosmos (~> 17.0)
  - Crashlytics
  - Fabric
  - JTAppleCalendar (~> 7.0)
  - Mixpanel-swift
  - PromiseKit (~> 6.0)
  - PromiseKit/Alamofire (~> 6.0)
  - PromiseKit/CorePromise (~> 6.0)
  - SwiftLint
  - UICKeyChainStore (~> 2.0.6)

SPEC REPOS:
  https://github.com/cocoapods/specs.git:
    - Alamofire
    - APJTextPickerView
    - AWSCognito
    - AWSCognitoIdentityProvider
    - AWSCognitoIdentityProviderASF
    - AWSCore
    - Cosmos
    - Crashlytics
    - Fabric
    - JTAppleCalendar
    - Mixpanel-swift
    - PromiseKit
    - SwiftLint
    - UICKeyChainStore

SPEC CHECKSUMS:
  Alamofire: c7287b6e5d7da964a70935e5db17046b7fde6568
  APJTextPickerView: 4c6e9addfe05d1cca3fabb06575b1d791590bca1
  AWSCognito: 0d7106509da503589ea14ee468fa85cb7fab65ad
  AWSCognitoIdentityProvider: 97c10594444863772447c9a056b17aff487552f3
  AWSCognitoIdentityProviderASF: f94f1a502e72ef3d0a1de93e10bf7a79c8698118
  AWSCore: ed83f7e36fb6c0211b04a439d8e564aa23bfe37d
  Cosmos: 309e489f21ffc91a1eeecfebef7f817cd2fcfba6
  Crashlytics: ca7ab4bc304aa216bdc2e4c1a96389ee77252203
  Fabric: d2b22f443ba195d8a7cc204da230977c72733b40
  JTAppleCalendar: abb30678f42a4ef8a340a932b1dcb8c85a33dac2
  Mixpanel-swift: d0e7838607990bba137ed459cd72e3d2d1e7501c
  PromiseKit: 27c1601bfb73405871b805bcb8cf7e55c4dad3db
  SwiftLint: 3207c1faa2240bf8973b191820a116113cd11073
  UICKeyChainStore: 696cd35083f7c8fb5e201d909b7e6aea6b478575

PODFILE CHECKSUM: cfca6734fb38bcdeca8bba445607dbcad7993f91

COCOAPODS: 1.5.3
