PODS:
  - Alamofire (4.7.3)
  - APJTextPickerView (0.0.8)
  - AWSCognito (2.6.32):
    - AWSCore (= 2.6.32)
  - AWSCognitoIdentityProvider (2.6.32):
    - AWSCognitoIdentityProviderASF (= 1.0.1)
    - AWSCore (= 2.6.32)
  - AWSCognitoIdentityProviderASF (1.0.1)
  - AWSCore (2.6.32)
  - Cosmos (17.0.0)
  - Crashlytics (3.10.9):
    - Fabric (~> 1.7.13)
  - Fabric (1.7.13)
  - JTAppleCalendar (7.1.6)
  - Mixpanel-swift (2.5.4):
    - Mixpanel-swift/Complete (= 2.5.4)
  - Mixpanel-swift/Complete (2.5.4)
  - PromiseKit/CorePromise (6.5.2)
  - SwiftLint (0.27.0)
  - UICKeyChainStore (2.0.7)

DEPENDENCIES:
  - Alamofire (~> 4.7)
  - APJTextPickerView
  - AWSCognito (~> 2.6.28)
  - AWSCognitoIdentityProvider (~> 2.6.0)
  - AWSCore (~> 2.6.0)
  - Cosmos (~> 17.0)
  - Crashlytics
  - Fabric
  - JTAppleCalendar (~> 7.0)
  - Mixpanel-swift
  - PromiseKit/CorePromise (~> 6.0)
  - SwiftLint
  - UICKeyChainStore (~> 2.0.6)

SPEC REPOS:
  https://github.com/cocoapods/specs.git:
    - Alamofire
    - APJTextPickerView
    - AWSCognito
    - AWSCognitoIdentityProvider
    - AWSCognitoIdentityProviderASF
    - AWSCore
    - Cosmos
    - Crashlytics
    - Fabric
    - JTAppleCalendar
    - Mixpanel-swift
    - PromiseKit
    - SwiftLint
    - UICKeyChainStore

SPEC CHECKSUMS:
  Alamofire: c7287b6e5d7da964a70935e5db17046b7fde6568
  APJTextPickerView: 4c6e9addfe05d1cca3fabb06575b1d791590bca1
  AWSCognito: 68f76e8e72ec28845fb60f88f6a76c65caf68aef
  AWSCognitoIdentityProvider: 1ac74ed3ddc96a1e072868c10d43f8630eebdfed
  AWSCognitoIdentityProviderASF: f94f1a502e72ef3d0a1de93e10bf7a79c8698118
  AWSCore: bfb49938a3a4eb190bc68edf1fa9e90969de8fa2
  Cosmos: 309e489f21ffc91a1eeecfebef7f817cd2fcfba6
  Crashlytics: 55e24fc23989680285a21cb1146578d9d18e432c
  Fabric: 25d0963b691fc97be566392243ff0ecef5a68338
  JTAppleCalendar: abb30678f42a4ef8a340a932b1dcb8c85a33dac2
  Mixpanel-swift: d0e7838607990bba137ed459cd72e3d2d1e7501c
  PromiseKit: 27c1601bfb73405871b805bcb8cf7e55c4dad3db
  SwiftLint: 3207c1faa2240bf8973b191820a116113cd11073
  UICKeyChainStore: 696cd35083f7c8fb5e201d909b7e6aea6b478575

PODFILE CHECKSUM: cf99bcd52ab9c898d70323091dbf9b3a7b7695d9

COCOAPODS: 1.5.3
