// !$*UTF8*$!
{
	archiveVersion = 1;
	classes = {
	};
	objectVersion = 50;
	objects = {

/* Begin PBXBuildFile section */
		05AA283BFD87F7064FFC9958 /* Pods_Mph_Club.framework in Frameworks */ = {isa = PBXBuildFile; fileRef = 8EBD992F77823F53C2553C53 /* Pods_Mph_Club.framework */; };
		350881A620EA71D500ED2B5E /* CustomNavController.swift in Sources */ = {isa = PBXBuildFile; fileRef = 350881A520EA71D500ED2B5E /* CustomNavController.swift */; };
		350881A820EA7CCA00ED2B5E /* CreateAccount.storyboard in Resources */ = {isa = PBXBuildFile; fileRef = 350881A720EA7CCA00ED2B5E /* CreateAccount.storyboard */; };
		350881AA20EA7CFF00ED2B5E /* Login.storyboard in Resources */ = {isa = PBXBuildFile; fileRef = 350881A920EA7CFF00ED2B5E /* Login.storyboard */; };
		35207DCE20E3D64800BA838A /* LoginViewController.swift in Sources */ = {isa = PBXBuildFile; fileRef = 35207DCD20E3D64800BA838A /* LoginViewController.swift */; };
		354BE3E421010B690094E32F /* AboutYourCarContainerViewController.swift in Sources */ = {isa = PBXBuildFile; fileRef = 354BE3E321010B690094E32F /* AboutYourCarContainerViewController.swift */; };
		35789D1320F4338200A07445 /* SearchViewController.swift in Sources */ = {isa = PBXBuildFile; fileRef = 35789D1220F4338200A07445 /* SearchViewController.swift */; };
		35789D1720F4412400A07445 /* BookingMapViewController.swift in Sources */ = {isa = PBXBuildFile; fileRef = 35789D1620F4412400A07445 /* BookingMapViewController.swift */; };
		35789D1920F4418C00A07445 /* BookingLocationSearchTable.swift in Sources */ = {isa = PBXBuildFile; fileRef = 35789D1820F4418C00A07445 /* BookingLocationSearchTable.swift */; };
		357E08F420FCF9930033FD0E /* VerifyPhoneViewController.swift in Sources */ = {isa = PBXBuildFile; fileRef = 357E08F320FCF9930033FD0E /* VerifyPhoneViewController.swift */; };
		357E08F620FD1D8A0033FD0E /* EnterCodeViewController.swift in Sources */ = {isa = PBXBuildFile; fileRef = 357E08F520FD1D8A0033FD0E /* EnterCodeViewController.swift */; };
		357E08F820FD25D20033FD0E /* EnterDLViewController.swift in Sources */ = {isa = PBXBuildFile; fileRef = 357E08F720FD25D20033FD0E /* EnterDLViewController.swift */; };
		357E08FA20FE7D050033FD0E /* LicenseDetailViewController.swift in Sources */ = {isa = PBXBuildFile; fileRef = 357E08F920FE7D050033FD0E /* LicenseDetailViewController.swift */; };
		357E08FC20FE830F0033FD0E /* PopUpForDLViewController.swift in Sources */ = {isa = PBXBuildFile; fileRef = 357E08FB20FE830F0033FD0E /* PopUpForDLViewController.swift */; };
		357E08FE20FF82D40033FD0E /* TakeInsurancePicViewController.swift in Sources */ = {isa = PBXBuildFile; fileRef = 357E08FD20FF82D40033FD0E /* TakeInsurancePicViewController.swift */; };
		357E090020FFB0D90033FD0E /* PhotoViewController.swift in Sources */ = {isa = PBXBuildFile; fileRef = 357E08FF20FFB0D90033FD0E /* PhotoViewController.swift */; };
		357E090220FFB88D0033FD0E /* TakeRegistrationPicViewController.swift in Sources */ = {isa = PBXBuildFile; fileRef = 357E090120FFB88D0033FD0E /* TakeRegistrationPicViewController.swift */; };
		357E090420FFBE4B0033FD0E /* RegisPhotoViewController.swift in Sources */ = {isa = PBXBuildFile; fileRef = 357E090320FFBE4B0033FD0E /* RegisPhotoViewController.swift */; };
		357E09062100CCD90033FD0E /* ListCar.storyboard in Resources */ = {isa = PBXBuildFile; fileRef = 357E09052100CCD90033FD0E /* ListCar.storyboard */; };
		357E09082100D2A40033FD0E /* TellUsAboutYourCarViewController.swift in Sources */ = {isa = PBXBuildFile; fileRef = 357E09072100D2A40033FD0E /* TellUsAboutYourCarViewController.swift */; };
		3582C2F8210118B200F4A6EF /* AddAPhotoOfCarViewController.swift in Sources */ = {isa = PBXBuildFile; fileRef = 3582C2F7210118B200F4A6EF /* AddAPhotoOfCarViewController.swift */; };
		3582C2FA2101193E00F4A6EF /* CarPhotoViewViewController.swift in Sources */ = {isa = PBXBuildFile; fileRef = 3582C2F92101193E00F4A6EF /* CarPhotoViewViewController.swift */; };
		3582C2FC2101297C00F4A6EF /* AddProfilePhotoViewController.swift in Sources */ = {isa = PBXBuildFile; fileRef = 3582C2FB2101297C00F4A6EF /* AddProfilePhotoViewController.swift */; };
		3582C2FE210223DD00F4A6EF /* PhotoReviewViewController.swift in Sources */ = {isa = PBXBuildFile; fileRef = 3582C2FD210223DD00F4A6EF /* PhotoReviewViewController.swift */; };
		3582C30021022C2100F4A6EF /* HowBookingWorksViewController.swift in Sources */ = {isa = PBXBuildFile; fileRef = 3582C2FF21022C2100F4A6EF /* HowBookingWorksViewController.swift */; };
		3582C3022102313400F4A6EF /* BookingWindowViewController.swift in Sources */ = {isa = PBXBuildFile; fileRef = 3582C3012102313400F4A6EF /* BookingWindowViewController.swift */; };
		3582C3042102318100F4A6EF /* TripLengthViewController.swift in Sources */ = {isa = PBXBuildFile; fileRef = 3582C3032102318100F4A6EF /* TripLengthViewController.swift */; };
		3582C306210231E500F4A6EF /* SetPriceViewController.swift in Sources */ = {isa = PBXBuildFile; fileRef = 3582C305210231E500F4A6EF /* SetPriceViewController.swift */; };
		3582C308210265F800F4A6EF /* AddPriceViewController.swift in Sources */ = {isa = PBXBuildFile; fileRef = 3582C307210265F800F4A6EF /* AddPriceViewController.swift */; };
		3582C30A21026DB800F4A6EF /* AboutPriceViewController.swift in Sources */ = {isa = PBXBuildFile; fileRef = 3582C30921026DB800F4A6EF /* AboutPriceViewController.swift */; };
		3591B8BD20DAC06C00BA0CF9 /* AppDelegate.swift in Sources */ = {isa = PBXBuildFile; fileRef = 3591B8BC20DAC06C00BA0CF9 /* AppDelegate.swift */; };
		3591B8C420DAC06D00BA0CF9 /* Assets.xcassets in Resources */ = {isa = PBXBuildFile; fileRef = 3591B8C320DAC06D00BA0CF9 /* Assets.xcassets */; };
		3591B8C720DAC06D00BA0CF9 /* LaunchScreen.storyboard in Resources */ = {isa = PBXBuildFile; fileRef = 3591B8C520DAC06D00BA0CF9 /* LaunchScreen.storyboard */; };
		3591B8D220DAC06D00BA0CF9 /* Mph_ClubTests.swift in Sources */ = {isa = PBXBuildFile; fileRef = 3591B8D120DAC06D00BA0CF9 /* Mph_ClubTests.swift */; };
		3591B8DD20DAC06D00BA0CF9 /* Mph_ClubUITests.swift in Sources */ = {isa = PBXBuildFile; fileRef = 3591B8DC20DAC06D00BA0CF9 /* Mph_ClubUITests.swift */; };
		3598E02220EBB8E100E595EE /* MphTextField.swift in Sources */ = {isa = PBXBuildFile; fileRef = 3598E02120EBB8E100E595EE /* MphTextField.swift */; };
		3598E02520EBBADF00E595EE /* TabView.storyboard in Resources */ = {isa = PBXBuildFile; fileRef = 3598E02420EBBADF00E595EE /* TabView.storyboard */; };
		35CC0D7D20F7A31800575225 /* ExplorerViewController.swift in Sources */ = {isa = PBXBuildFile; fileRef = 35CC0D7C20F7A31800575225 /* ExplorerViewController.swift */; };
		35CC0D7F20F7A33800575225 /* dontknowcar.jpg in Resources */ = {isa = PBXBuildFile; fileRef = 35CC0D7E20F7A33700575225 /* dontknowcar.jpg */; };
		35CC0D8120F7A34600575225 /* Helpers.swift in Sources */ = {isa = PBXBuildFile; fileRef = 35CC0D8020F7A34600575225 /* Helpers.swift */; };
		35CC0D8320F7A34E00575225 /* TableViewCell.swift in Sources */ = {isa = PBXBuildFile; fileRef = 35CC0D8220F7A34E00575225 /* TableViewCell.swift */; };
		35CC0D8720F7A41F00575225 /* UINavigationBar+Alpha.swift in Sources */ = {isa = PBXBuildFile; fileRef = 35CC0D8620F7A41F00575225 /* UINavigationBar+Alpha.swift */; };
		35CC0D8920F7A42100575225 /* UIScrollView+ScalableCover.swift in Sources */ = {isa = PBXBuildFile; fileRef = 35CC0D8820F7A42100575225 /* UIScrollView+ScalableCover.swift */; };
		35CC0D8B20F7BF4E00575225 /* MainTabBar.swift in Sources */ = {isa = PBXBuildFile; fileRef = 35CC0D8A20F7BF4E00575225 /* MainTabBar.swift */; };
		35DAA30220ED0EC60083CA93 /* AddressViewController.swift in Sources */ = {isa = PBXBuildFile; fileRef = 35DAA30120ED0EC60083CA93 /* AddressViewController.swift */; };
		35DAA30420ED11E30083CA93 /* LocationSearchTable.swift in Sources */ = {isa = PBXBuildFile; fileRef = 35DAA30320ED11E30083CA93 /* LocationSearchTable.swift */; };
		35DAA30620ED11EE0083CA93 /* MapViewController.swift in Sources */ = {isa = PBXBuildFile; fileRef = 35DAA30520ED11EE0083CA93 /* MapViewController.swift */; };
		35DAA30820ED1FAC0083CA93 /* InfoCarLocationViewController.swift in Sources */ = {isa = PBXBuildFile; fileRef = 35DAA30720ED1FAB0083CA93 /* InfoCarLocationViewController.swift */; };
		35DAA30C20EFAAA40083CA93 /* CarEligibilityViewController.swift in Sources */ = {isa = PBXBuildFile; fileRef = 35DAA30B20EFAAA40083CA93 /* CarEligibilityViewController.swift */; };
		35DAA30E20EFBEC80083CA93 /* nextButton.swift in Sources */ = {isa = PBXBuildFile; fileRef = 35DAA30D20EFBEC80083CA93 /* nextButton.swift */; };
		35DAA31020EFDD7E0083CA93 /* ProgressViewController.swift in Sources */ = {isa = PBXBuildFile; fileRef = 35DAA30F20EFDD7E0083CA93 /* ProgressViewController.swift */; };
		35DAA31620F3DC060083CA93 /* HomeViewController.swift in Sources */ = {isa = PBXBuildFile; fileRef = 35DAA31520F3DC060083CA93 /* HomeViewController.swift */; };
		35DAA31820F401280083CA93 /* FleetTableViewController.swift in Sources */ = {isa = PBXBuildFile; fileRef = 35DAA31720F401280083CA93 /* FleetTableViewController.swift */; };
		35DAA31A20F403C80083CA93 /* FleetTableViewCell.swift in Sources */ = {isa = PBXBuildFile; fileRef = 35DAA31920F403C80083CA93 /* FleetTableViewCell.swift */; };
		35DAA31C20F40A320083CA93 /* DetailViewController.swift in Sources */ = {isa = PBXBuildFile; fileRef = 35DAA31B20F40A320083CA93 /* DetailViewController.swift */; };
		35DBE66320E3E1DD0041325A /* LoginSlide.storyboard in Resources */ = {isa = PBXBuildFile; fileRef = 35DBE66220E3E1DD0041325A /* LoginSlide.storyboard */; };
		35DBE66520E3EECD0041325A /* LoginSlideViewController.swift in Sources */ = {isa = PBXBuildFile; fileRef = 35DBE66420E3EECD0041325A /* LoginSlideViewController.swift */; };
		35F2050020E407C200A544F4 /* LoginSlideMainViewController.swift in Sources */ = {isa = PBXBuildFile; fileRef = 35F204FF20E407C200A544F4 /* LoginSlideMainViewController.swift */; };
		35FAB4A020E57A62008EED64 /* CreateAccountViewController.swift in Sources */ = {isa = PBXBuildFile; fileRef = 35FAB49F20E57A62008EED64 /* CreateAccountViewController.swift */; };
		A91F639070A65C7827B0D16E /* Pods_Mph_ClubTests.framework in Frameworks */ = {isa = PBXBuildFile; fileRef = 9263BEA10EEAAA0FCFCD2694 /* Pods_Mph_ClubTests.framework */; };
		D90F9B0B57DCDDB5DA55D579 /* Pods_Mph_ClubUITests.framework in Frameworks */ = {isa = PBXBuildFile; fileRef = 014CBE9F8B115DA4729FDF23 /* Pods_Mph_ClubUITests.framework */; };
/* End PBXBuildFile section */

/* Begin PBXContainerItemProxy section */
		3591B8CE20DAC06D00BA0CF9 /* PBXContainerItemProxy */ = {
			isa = PBXContainerItemProxy;
			containerPortal = 3591B8B120DAC06C00BA0CF9 /* Project object */;
			proxyType = 1;
			remoteGlobalIDString = 3591B8B820DAC06C00BA0CF9;
			remoteInfo = "Mph Club";
		};
		3591B8D920DAC06D00BA0CF9 /* PBXContainerItemProxy */ = {
			isa = PBXContainerItemProxy;
			containerPortal = 3591B8B120DAC06C00BA0CF9 /* Project object */;
			proxyType = 1;
			remoteGlobalIDString = 3591B8B820DAC06C00BA0CF9;
			remoteInfo = "Mph Club";
		};
/* End PBXContainerItemProxy section */

/* Begin PBXFileReference section */
		014CBE9F8B115DA4729FDF23 /* Pods_Mph_ClubUITests.framework */ = {isa = PBXFileReference; explicitFileType = wrapper.framework; includeInIndex = 0; path = Pods_Mph_ClubUITests.framework; sourceTree = BUILT_PRODUCTS_DIR; };
		291D39155390D518EB2C20A1 /* Pods-Mph Club.release.xcconfig */ = {isa = PBXFileReference; includeInIndex = 1; lastKnownFileType = text.xcconfig; name = "Pods-Mph Club.release.xcconfig"; path = "Pods/Target Support Files/Pods-Mph Club/Pods-Mph Club.release.xcconfig"; sourceTree = "<group>"; };
		3176405848C444407020B868 /* Pods-Mph ClubTests.release.xcconfig */ = {isa = PBXFileReference; includeInIndex = 1; lastKnownFileType = text.xcconfig; name = "Pods-Mph ClubTests.release.xcconfig"; path = "Pods/Target Support Files/Pods-Mph ClubTests/Pods-Mph ClubTests.release.xcconfig"; sourceTree = "<group>"; };
		350881A520EA71D500ED2B5E /* CustomNavController.swift */ = {isa = PBXFileReference; lastKnownFileType = sourcecode.swift; path = CustomNavController.swift; sourceTree = "<group>"; };
		350881A720EA7CCA00ED2B5E /* CreateAccount.storyboard */ = {isa = PBXFileReference; fileEncoding = 4; lastKnownFileType = file.storyboard; name = CreateAccount.storyboard; path = "Mph Club/View Controller/Create Account/CreateAccount.storyboard"; sourceTree = SOURCE_ROOT; };
		350881A920EA7CFF00ED2B5E /* Login.storyboard */ = {isa = PBXFileReference; fileEncoding = 4; lastKnownFileType = file.storyboard; path = Login.storyboard; sourceTree = "<group>"; };
		35207DCD20E3D64800BA838A /* LoginViewController.swift */ = {isa = PBXFileReference; lastKnownFileType = sourcecode.swift; path = LoginViewController.swift; sourceTree = "<group>"; };
		354BE3E321010B690094E32F /* AboutYourCarContainerViewController.swift */ = {isa = PBXFileReference; lastKnownFileType = sourcecode.swift; path = AboutYourCarContainerViewController.swift; sourceTree = "<group>"; };
		35789D1220F4338200A07445 /* SearchViewController.swift */ = {isa = PBXFileReference; lastKnownFileType = sourcecode.swift; path = SearchViewController.swift; sourceTree = "<group>"; };
		35789D1620F4412400A07445 /* BookingMapViewController.swift */ = {isa = PBXFileReference; lastKnownFileType = sourcecode.swift; path = BookingMapViewController.swift; sourceTree = "<group>"; };
		35789D1820F4418C00A07445 /* BookingLocationSearchTable.swift */ = {isa = PBXFileReference; lastKnownFileType = sourcecode.swift; path = BookingLocationSearchTable.swift; sourceTree = "<group>"; };
		357E08F320FCF9930033FD0E /* VerifyPhoneViewController.swift */ = {isa = PBXFileReference; lastKnownFileType = sourcecode.swift; path = VerifyPhoneViewController.swift; sourceTree = "<group>"; };
		357E08F520FD1D8A0033FD0E /* EnterCodeViewController.swift */ = {isa = PBXFileReference; lastKnownFileType = sourcecode.swift; path = EnterCodeViewController.swift; sourceTree = "<group>"; };
		357E08F720FD25D20033FD0E /* EnterDLViewController.swift */ = {isa = PBXFileReference; lastKnownFileType = sourcecode.swift; path = EnterDLViewController.swift; sourceTree = "<group>"; };
		357E08F920FE7D050033FD0E /* LicenseDetailViewController.swift */ = {isa = PBXFileReference; lastKnownFileType = sourcecode.swift; path = LicenseDetailViewController.swift; sourceTree = "<group>"; };
		357E08FB20FE830F0033FD0E /* PopUpForDLViewController.swift */ = {isa = PBXFileReference; lastKnownFileType = sourcecode.swift; path = PopUpForDLViewController.swift; sourceTree = "<group>"; };
		357E08FD20FF82D40033FD0E /* TakeInsurancePicViewController.swift */ = {isa = PBXFileReference; lastKnownFileType = sourcecode.swift; path = TakeInsurancePicViewController.swift; sourceTree = "<group>"; };
		357E08FF20FFB0D90033FD0E /* PhotoViewController.swift */ = {isa = PBXFileReference; lastKnownFileType = sourcecode.swift; path = PhotoViewController.swift; sourceTree = "<group>"; };
		357E090120FFB88D0033FD0E /* TakeRegistrationPicViewController.swift */ = {isa = PBXFileReference; lastKnownFileType = sourcecode.swift; path = TakeRegistrationPicViewController.swift; sourceTree = "<group>"; };
		357E090320FFBE4B0033FD0E /* RegisPhotoViewController.swift */ = {isa = PBXFileReference; lastKnownFileType = sourcecode.swift; path = RegisPhotoViewController.swift; sourceTree = "<group>"; };
		357E09052100CCD90033FD0E /* ListCar.storyboard */ = {isa = PBXFileReference; fileEncoding = 4; lastKnownFileType = file.storyboard; path = ListCar.storyboard; sourceTree = "<group>"; };
		357E09072100D2A40033FD0E /* TellUsAboutYourCarViewController.swift */ = {isa = PBXFileReference; lastKnownFileType = sourcecode.swift; path = TellUsAboutYourCarViewController.swift; sourceTree = "<group>"; };
		3582C2F7210118B200F4A6EF /* AddAPhotoOfCarViewController.swift */ = {isa = PBXFileReference; lastKnownFileType = sourcecode.swift; path = AddAPhotoOfCarViewController.swift; sourceTree = "<group>"; };
		3582C2F92101193E00F4A6EF /* CarPhotoViewViewController.swift */ = {isa = PBXFileReference; lastKnownFileType = sourcecode.swift; path = CarPhotoViewViewController.swift; sourceTree = "<group>"; };
		3582C2FB2101297C00F4A6EF /* AddProfilePhotoViewController.swift */ = {isa = PBXFileReference; lastKnownFileType = sourcecode.swift; path = AddProfilePhotoViewController.swift; sourceTree = "<group>"; };
		3582C2FD210223DD00F4A6EF /* PhotoReviewViewController.swift */ = {isa = PBXFileReference; lastKnownFileType = sourcecode.swift; path = PhotoReviewViewController.swift; sourceTree = "<group>"; };
		3582C2FF21022C2100F4A6EF /* HowBookingWorksViewController.swift */ = {isa = PBXFileReference; lastKnownFileType = sourcecode.swift; path = HowBookingWorksViewController.swift; sourceTree = "<group>"; };
		3582C3012102313400F4A6EF /* BookingWindowViewController.swift */ = {isa = PBXFileReference; lastKnownFileType = sourcecode.swift; path = BookingWindowViewController.swift; sourceTree = "<group>"; };
		3582C3032102318100F4A6EF /* TripLengthViewController.swift */ = {isa = PBXFileReference; lastKnownFileType = sourcecode.swift; path = TripLengthViewController.swift; sourceTree = "<group>"; };
		3582C305210231E500F4A6EF /* SetPriceViewController.swift */ = {isa = PBXFileReference; lastKnownFileType = sourcecode.swift; path = SetPriceViewController.swift; sourceTree = "<group>"; };
		3582C307210265F800F4A6EF /* AddPriceViewController.swift */ = {isa = PBXFileReference; lastKnownFileType = sourcecode.swift; path = AddPriceViewController.swift; sourceTree = "<group>"; };
		3582C30921026DB800F4A6EF /* AboutPriceViewController.swift */ = {isa = PBXFileReference; lastKnownFileType = sourcecode.swift; path = AboutPriceViewController.swift; sourceTree = "<group>"; };
		3591B8B920DAC06C00BA0CF9 /* Mph Club.app */ = {isa = PBXFileReference; explicitFileType = wrapper.application; includeInIndex = 0; path = "Mph Club.app"; sourceTree = BUILT_PRODUCTS_DIR; };
		3591B8BC20DAC06C00BA0CF9 /* AppDelegate.swift */ = {isa = PBXFileReference; lastKnownFileType = sourcecode.swift; path = AppDelegate.swift; sourceTree = "<group>"; };
		3591B8C320DAC06D00BA0CF9 /* Assets.xcassets */ = {isa = PBXFileReference; lastKnownFileType = folder.assetcatalog; path = Assets.xcassets; sourceTree = "<group>"; };
		3591B8C620DAC06D00BA0CF9 /* Base */ = {isa = PBXFileReference; lastKnownFileType = file.storyboard; name = Base; path = Base.lproj/LaunchScreen.storyboard; sourceTree = "<group>"; };
		3591B8C820DAC06D00BA0CF9 /* Info.plist */ = {isa = PBXFileReference; lastKnownFileType = text.plist.xml; path = Info.plist; sourceTree = "<group>"; };
		3591B8CD20DAC06D00BA0CF9 /* Mph ClubTests.xctest */ = {isa = PBXFileReference; explicitFileType = wrapper.cfbundle; includeInIndex = 0; path = "Mph ClubTests.xctest"; sourceTree = BUILT_PRODUCTS_DIR; };
		3591B8D120DAC06D00BA0CF9 /* Mph_ClubTests.swift */ = {isa = PBXFileReference; lastKnownFileType = sourcecode.swift; path = Mph_ClubTests.swift; sourceTree = "<group>"; };
		3591B8D320DAC06D00BA0CF9 /* Info.plist */ = {isa = PBXFileReference; lastKnownFileType = text.plist.xml; path = Info.plist; sourceTree = "<group>"; };
		3591B8D820DAC06D00BA0CF9 /* Mph ClubUITests.xctest */ = {isa = PBXFileReference; explicitFileType = wrapper.cfbundle; includeInIndex = 0; path = "Mph ClubUITests.xctest"; sourceTree = BUILT_PRODUCTS_DIR; };
		3591B8DC20DAC06D00BA0CF9 /* Mph_ClubUITests.swift */ = {isa = PBXFileReference; lastKnownFileType = sourcecode.swift; path = Mph_ClubUITests.swift; sourceTree = "<group>"; };
		3591B8DE20DAC06D00BA0CF9 /* Info.plist */ = {isa = PBXFileReference; lastKnownFileType = text.plist.xml; path = Info.plist; sourceTree = "<group>"; };
		3598E02120EBB8E100E595EE /* MphTextField.swift */ = {isa = PBXFileReference; lastKnownFileType = sourcecode.swift; path = MphTextField.swift; sourceTree = "<group>"; };
		3598E02420EBBADF00E595EE /* TabView.storyboard */ = {isa = PBXFileReference; lastKnownFileType = file.storyboard; path = TabView.storyboard; sourceTree = "<group>"; };
		35CC0D7C20F7A31800575225 /* ExplorerViewController.swift */ = {isa = PBXFileReference; lastKnownFileType = sourcecode.swift; path = ExplorerViewController.swift; sourceTree = "<group>"; };
		35CC0D7E20F7A33700575225 /* dontknowcar.jpg */ = {isa = PBXFileReference; lastKnownFileType = image.jpeg; path = dontknowcar.jpg; sourceTree = "<group>"; };
		35CC0D8020F7A34600575225 /* Helpers.swift */ = {isa = PBXFileReference; fileEncoding = 4; lastKnownFileType = sourcecode.swift; path = Helpers.swift; sourceTree = "<group>"; };
		35CC0D8220F7A34E00575225 /* TableViewCell.swift */ = {isa = PBXFileReference; fileEncoding = 4; lastKnownFileType = sourcecode.swift; path = TableViewCell.swift; sourceTree = "<group>"; };
		35CC0D8620F7A41F00575225 /* UINavigationBar+Alpha.swift */ = {isa = PBXFileReference; lastKnownFileType = sourcecode.swift; path = "UINavigationBar+Alpha.swift"; sourceTree = "<group>"; };
		35CC0D8820F7A42100575225 /* UIScrollView+ScalableCover.swift */ = {isa = PBXFileReference; lastKnownFileType = sourcecode.swift; path = "UIScrollView+ScalableCover.swift"; sourceTree = "<group>"; };
		35CC0D8A20F7BF4E00575225 /* MainTabBar.swift */ = {isa = PBXFileReference; lastKnownFileType = sourcecode.swift; path = MainTabBar.swift; sourceTree = "<group>"; };
		35DAA30120ED0EC60083CA93 /* AddressViewController.swift */ = {isa = PBXFileReference; lastKnownFileType = sourcecode.swift; path = AddressViewController.swift; sourceTree = "<group>"; };
		35DAA30320ED11E30083CA93 /* LocationSearchTable.swift */ = {isa = PBXFileReference; fileEncoding = 4; lastKnownFileType = sourcecode.swift; path = LocationSearchTable.swift; sourceTree = "<group>"; };
		35DAA30520ED11EE0083CA93 /* MapViewController.swift */ = {isa = PBXFileReference; fileEncoding = 4; lastKnownFileType = sourcecode.swift; path = MapViewController.swift; sourceTree = "<group>"; };
		35DAA30720ED1FAB0083CA93 /* InfoCarLocationViewController.swift */ = {isa = PBXFileReference; lastKnownFileType = sourcecode.swift; path = InfoCarLocationViewController.swift; sourceTree = "<group>"; };
		35DAA30B20EFAAA40083CA93 /* CarEligibilityViewController.swift */ = {isa = PBXFileReference; lastKnownFileType = sourcecode.swift; path = CarEligibilityViewController.swift; sourceTree = "<group>"; };
		35DAA30D20EFBEC80083CA93 /* nextButton.swift */ = {isa = PBXFileReference; lastKnownFileType = sourcecode.swift; path = nextButton.swift; sourceTree = "<group>"; };
		35DAA30F20EFDD7E0083CA93 /* ProgressViewController.swift */ = {isa = PBXFileReference; lastKnownFileType = sourcecode.swift; path = ProgressViewController.swift; sourceTree = "<group>"; };
		35DAA31520F3DC060083CA93 /* HomeViewController.swift */ = {isa = PBXFileReference; lastKnownFileType = sourcecode.swift; path = HomeViewController.swift; sourceTree = "<group>"; };
		35DAA31720F401280083CA93 /* FleetTableViewController.swift */ = {isa = PBXFileReference; lastKnownFileType = sourcecode.swift; path = FleetTableViewController.swift; sourceTree = "<group>"; };
		35DAA31920F403C80083CA93 /* FleetTableViewCell.swift */ = {isa = PBXFileReference; lastKnownFileType = sourcecode.swift; path = FleetTableViewCell.swift; sourceTree = "<group>"; };
		35DAA31B20F40A320083CA93 /* DetailViewController.swift */ = {isa = PBXFileReference; lastKnownFileType = sourcecode.swift; path = DetailViewController.swift; sourceTree = "<group>"; };
		35DBE66220E3E1DD0041325A /* LoginSlide.storyboard */ = {isa = PBXFileReference; lastKnownFileType = file.storyboard; path = LoginSlide.storyboard; sourceTree = "<group>"; };
		35DBE66420E3EECD0041325A /* LoginSlideViewController.swift */ = {isa = PBXFileReference; lastKnownFileType = sourcecode.swift; path = LoginSlideViewController.swift; sourceTree = "<group>"; };
		35F204FF20E407C200A544F4 /* LoginSlideMainViewController.swift */ = {isa = PBXFileReference; lastKnownFileType = sourcecode.swift; path = LoginSlideMainViewController.swift; sourceTree = "<group>"; };
		35FAB49F20E57A62008EED64 /* CreateAccountViewController.swift */ = {isa = PBXFileReference; lastKnownFileType = sourcecode.swift; path = CreateAccountViewController.swift; sourceTree = "<group>"; };
		49C622BB5CBAF9FF1FF7721B /* Pods-Mph ClubUITests.release.xcconfig */ = {isa = PBXFileReference; includeInIndex = 1; lastKnownFileType = text.xcconfig; name = "Pods-Mph ClubUITests.release.xcconfig"; path = "Pods/Target Support Files/Pods-Mph ClubUITests/Pods-Mph ClubUITests.release.xcconfig"; sourceTree = "<group>"; };
		51BAC262AF545D38A1083D6A /* Pods-Mph ClubUITests.debug.xcconfig */ = {isa = PBXFileReference; includeInIndex = 1; lastKnownFileType = text.xcconfig; name = "Pods-Mph ClubUITests.debug.xcconfig"; path = "Pods/Target Support Files/Pods-Mph ClubUITests/Pods-Mph ClubUITests.debug.xcconfig"; sourceTree = "<group>"; };
		8EBD992F77823F53C2553C53 /* Pods_Mph_Club.framework */ = {isa = PBXFileReference; explicitFileType = wrapper.framework; includeInIndex = 0; path = Pods_Mph_Club.framework; sourceTree = BUILT_PRODUCTS_DIR; };
		9263BEA10EEAAA0FCFCD2694 /* Pods_Mph_ClubTests.framework */ = {isa = PBXFileReference; explicitFileType = wrapper.framework; includeInIndex = 0; path = Pods_Mph_ClubTests.framework; sourceTree = BUILT_PRODUCTS_DIR; };
		C6678FCD28F2CB68E51F0663 /* Pods-Mph ClubTests.debug.xcconfig */ = {isa = PBXFileReference; includeInIndex = 1; lastKnownFileType = text.xcconfig; name = "Pods-Mph ClubTests.debug.xcconfig"; path = "Pods/Target Support Files/Pods-Mph ClubTests/Pods-Mph ClubTests.debug.xcconfig"; sourceTree = "<group>"; };
		C942EABB279C1289311BC45B /* Pods-Mph Club.debug.xcconfig */ = {isa = PBXFileReference; includeInIndex = 1; lastKnownFileType = text.xcconfig; name = "Pods-Mph Club.debug.xcconfig"; path = "Pods/Target Support Files/Pods-Mph Club/Pods-Mph Club.debug.xcconfig"; sourceTree = "<group>"; };
/* End PBXFileReference section */

/* Begin PBXFrameworksBuildPhase section */
		3591B8B620DAC06C00BA0CF9 /* Frameworks */ = {
			isa = PBXFrameworksBuildPhase;
			buildActionMask = 2147483647;
			files = (
				05AA283BFD87F7064FFC9958 /* Pods_Mph_Club.framework in Frameworks */,
			);
			runOnlyForDeploymentPostprocessing = 0;
		};
		3591B8CA20DAC06D00BA0CF9 /* Frameworks */ = {
			isa = PBXFrameworksBuildPhase;
			buildActionMask = 2147483647;
			files = (
				A91F639070A65C7827B0D16E /* Pods_Mph_ClubTests.framework in Frameworks */,
			);
			runOnlyForDeploymentPostprocessing = 0;
		};
		3591B8D520DAC06D00BA0CF9 /* Frameworks */ = {
			isa = PBXFrameworksBuildPhase;
			buildActionMask = 2147483647;
			files = (
				D90F9B0B57DCDDB5DA55D579 /* Pods_Mph_ClubUITests.framework in Frameworks */,
			);
			runOnlyForDeploymentPostprocessing = 0;
		};
/* End PBXFrameworksBuildPhase section */

/* Begin PBXGroup section */
		350881AB20EA815F00ED2B5E /* Model */ = {
			isa = PBXGroup;
			children = (
			);
			name = Model;
			path = "New Group";
			sourceTree = "<group>";
		};
		35207DCA20E3D5A300BA838A /* View Controller */ = {
			isa = PBXGroup;
			children = (
				35DBE65F20E3E1A80041325A /* LoginSlide */,
				3543144F20E579CB00B5F80E /* Create Account */,
				35207DCC20E3D62000BA838A /* Login */,
				3598E02320EBBAC100E595EE /* Tab View */,
				3598E02620EBD78900E595EE /* List your Car */,
				35DAA31420F3DBF50083CA93 /* Home */,
				35DAA31120F3DA000083CA93 /* Fleet View */,
			);
			path = "View Controller";
			sourceTree = "<group>";
		};
		35207DCC20E3D62000BA838A /* Login */ = {
			isa = PBXGroup;
			children = (
				350881A920EA7CFF00ED2B5E /* Login.storyboard */,
				35207DCD20E3D64800BA838A /* LoginViewController.swift */,
			);
			path = Login;
			sourceTree = "<group>";
		};
		3543144F20E579CB00B5F80E /* Create Account */ = {
			isa = PBXGroup;
			children = (
				350881A720EA7CCA00ED2B5E /* CreateAccount.storyboard */,
				35FAB49F20E57A62008EED64 /* CreateAccountViewController.swift */,
			);
			path = "Create Account";
			sourceTree = "<group>";
		};
		3591B8B020DAC06C00BA0CF9 = {
			isa = PBXGroup;
			children = (
				3591B8BB20DAC06C00BA0CF9 /* Mph Club */,
				3591B8D020DAC06D00BA0CF9 /* Mph ClubTests */,
				3591B8DB20DAC06D00BA0CF9 /* Mph ClubUITests */,
				3591B8BA20DAC06C00BA0CF9 /* Products */,
				6B9B1ADD2BF71E8EE917E74D /* Pods */,
				6B775CAF13FDA178458EA8F8 /* Frameworks */,
			);
			sourceTree = "<group>";
		};
		3591B8BA20DAC06C00BA0CF9 /* Products */ = {
			isa = PBXGroup;
			children = (
				3591B8B920DAC06C00BA0CF9 /* Mph Club.app */,
				3591B8CD20DAC06D00BA0CF9 /* Mph ClubTests.xctest */,
				3591B8D820DAC06D00BA0CF9 /* Mph ClubUITests.xctest */,
			);
			name = Products;
			sourceTree = "<group>";
		};
		3591B8BB20DAC06C00BA0CF9 /* Mph Club */ = {
			isa = PBXGroup;
			children = (
				3598E02020EBB8B400E595EE /* Custom Classes */,
				350881AB20EA815F00ED2B5E /* Model */,
				35207DCA20E3D5A300BA838A /* View Controller */,
				3591B8BC20DAC06C00BA0CF9 /* AppDelegate.swift */,
				3591B8C320DAC06D00BA0CF9 /* Assets.xcassets */,
				3591B8C520DAC06D00BA0CF9 /* LaunchScreen.storyboard */,
				3591B8C820DAC06D00BA0CF9 /* Info.plist */,
			);
			path = "Mph Club";
			sourceTree = "<group>";
		};
		3591B8D020DAC06D00BA0CF9 /* Mph ClubTests */ = {
			isa = PBXGroup;
			children = (
				3591B8D120DAC06D00BA0CF9 /* Mph_ClubTests.swift */,
				3591B8D320DAC06D00BA0CF9 /* Info.plist */,
			);
			path = "Mph ClubTests";
			sourceTree = "<group>";
		};
		3591B8DB20DAC06D00BA0CF9 /* Mph ClubUITests */ = {
			isa = PBXGroup;
			children = (
				3591B8DC20DAC06D00BA0CF9 /* Mph_ClubUITests.swift */,
				3591B8DE20DAC06D00BA0CF9 /* Info.plist */,
			);
			path = "Mph ClubUITests";
			sourceTree = "<group>";
		};
		3598E02020EBB8B400E595EE /* Custom Classes */ = {
			isa = PBXGroup;
			children = (
				35CC0D8620F7A41F00575225 /* UINavigationBar+Alpha.swift */,
				35CC0D8820F7A42100575225 /* UIScrollView+ScalableCover.swift */,
				3598E02120EBB8E100E595EE /* MphTextField.swift */,
				35DAA30D20EFBEC80083CA93 /* nextButton.swift */,
				35CC0D8020F7A34600575225 /* Helpers.swift */,
			);
			path = "Custom Classes";
			sourceTree = "<group>";
		};
		3598E02320EBBAC100E595EE /* Tab View */ = {
			isa = PBXGroup;
			children = (
				3598E02420EBBADF00E595EE /* TabView.storyboard */,
				35CC0D8A20F7BF4E00575225 /* MainTabBar.swift */,
			);
			path = "Tab View";
			sourceTree = "<group>";
		};
		3598E02620EBD78900E595EE /* List your Car */ = {
			isa = PBXGroup;
			children = (
				357E09052100CCD90033FD0E /* ListCar.storyboard */,
				35DAA30120ED0EC60083CA93 /* AddressViewController.swift */,
				35DAA30520ED11EE0083CA93 /* MapViewController.swift */,
				35DAA30320ED11E30083CA93 /* LocationSearchTable.swift */,
				35DAA30720ED1FAB0083CA93 /* InfoCarLocationViewController.swift */,
				35DAA30B20EFAAA40083CA93 /* CarEligibilityViewController.swift */,
				35DAA30F20EFDD7E0083CA93 /* ProgressViewController.swift */,
				357E08F320FCF9930033FD0E /* VerifyPhoneViewController.swift */,
				357E08F520FD1D8A0033FD0E /* EnterCodeViewController.swift */,
				357E08F720FD25D20033FD0E /* EnterDLViewController.swift */,
				357E08F920FE7D050033FD0E /* LicenseDetailViewController.swift */,
				357E08FB20FE830F0033FD0E /* PopUpForDLViewController.swift */,
				357E08FD20FF82D40033FD0E /* TakeInsurancePicViewController.swift */,
				357E08FF20FFB0D90033FD0E /* PhotoViewController.swift */,
				357E090120FFB88D0033FD0E /* TakeRegistrationPicViewController.swift */,
				357E090320FFBE4B0033FD0E /* RegisPhotoViewController.swift */,
				357E09072100D2A40033FD0E /* TellUsAboutYourCarViewController.swift */,
				354BE3E321010B690094E32F /* AboutYourCarContainerViewController.swift */,
				3582C2F7210118B200F4A6EF /* AddAPhotoOfCarViewController.swift */,
				3582C2F92101193E00F4A6EF /* CarPhotoViewViewController.swift */,
				3582C2FB2101297C00F4A6EF /* AddProfilePhotoViewController.swift */,
				3582C2FD210223DD00F4A6EF /* PhotoReviewViewController.swift */,
				3582C2FF21022C2100F4A6EF /* HowBookingWorksViewController.swift */,
				3582C3012102313400F4A6EF /* BookingWindowViewController.swift */,
				3582C3032102318100F4A6EF /* TripLengthViewController.swift */,
				3582C305210231E500F4A6EF /* SetPriceViewController.swift */,
				3582C307210265F800F4A6EF /* AddPriceViewController.swift */,
				3582C30921026DB800F4A6EF /* AboutPriceViewController.swift */,
			);
			path = "List your Car";
			sourceTree = "<group>";
		};
		35DAA31120F3DA000083CA93 /* Fleet View */ = {
			isa = PBXGroup;
			children = (
				35DAA31920F403C80083CA93 /* FleetTableViewCell.swift */,
				35DAA31720F401280083CA93 /* FleetTableViewController.swift */,
				35DAA31B20F40A320083CA93 /* DetailViewController.swift */,
				35789D1220F4338200A07445 /* SearchViewController.swift */,
				35789D1620F4412400A07445 /* BookingMapViewController.swift */,
				35789D1820F4418C00A07445 /* BookingLocationSearchTable.swift */,
			);
			path = "Fleet View";
			sourceTree = "<group>";
		};
		35DAA31420F3DBF50083CA93 /* Home */ = {
			isa = PBXGroup;
			children = (
				35CC0D7E20F7A33700575225 /* dontknowcar.jpg */,
				35DAA31520F3DC060083CA93 /* HomeViewController.swift */,
				35CC0D7C20F7A31800575225 /* ExplorerViewController.swift */,
				35CC0D8220F7A34E00575225 /* TableViewCell.swift */,
			);
			path = Home;
			sourceTree = "<group>";
		};
		35DBE65F20E3E1A80041325A /* LoginSlide */ = {
			isa = PBXGroup;
			children = (
				35DBE66220E3E1DD0041325A /* LoginSlide.storyboard */,
				350881A520EA71D500ED2B5E /* CustomNavController.swift */,
				35F204FF20E407C200A544F4 /* LoginSlideMainViewController.swift */,
				35DBE66420E3EECD0041325A /* LoginSlideViewController.swift */,
			);
			path = LoginSlide;
			sourceTree = "<group>";
		};
		6B775CAF13FDA178458EA8F8 /* Frameworks */ = {
			isa = PBXGroup;
			children = (
				8EBD992F77823F53C2553C53 /* Pods_Mph_Club.framework */,
				9263BEA10EEAAA0FCFCD2694 /* Pods_Mph_ClubTests.framework */,
				014CBE9F8B115DA4729FDF23 /* Pods_Mph_ClubUITests.framework */,
			);
			name = Frameworks;
			sourceTree = "<group>";
		};
		6B9B1ADD2BF71E8EE917E74D /* Pods */ = {
			isa = PBXGroup;
			children = (
				C942EABB279C1289311BC45B /* Pods-Mph Club.debug.xcconfig */,
				291D39155390D518EB2C20A1 /* Pods-Mph Club.release.xcconfig */,
				C6678FCD28F2CB68E51F0663 /* Pods-Mph ClubTests.debug.xcconfig */,
				3176405848C444407020B868 /* Pods-Mph ClubTests.release.xcconfig */,
				51BAC262AF545D38A1083D6A /* Pods-Mph ClubUITests.debug.xcconfig */,
				49C622BB5CBAF9FF1FF7721B /* Pods-Mph ClubUITests.release.xcconfig */,
			);
			name = Pods;
			sourceTree = "<group>";
		};
/* End PBXGroup section */

/* Begin PBXNativeTarget section */
		3591B8B820DAC06C00BA0CF9 /* Mph Club */ = {
			isa = PBXNativeTarget;
			buildConfigurationList = 3591B8E120DAC06D00BA0CF9 /* Build configuration list for PBXNativeTarget "Mph Club" */;
			buildPhases = (
				754CCB652FFD30B1F6B6C234 /* [CP] Check Pods Manifest.lock */,
				3591B8B520DAC06C00BA0CF9 /* Sources */,
				3591B8B620DAC06C00BA0CF9 /* Frameworks */,
				3591B8B720DAC06C00BA0CF9 /* Resources */,
				BB480A94EE8B96B122414D3E /* [CP] Embed Pods Frameworks */,
			);
			buildRules = (
			);
			dependencies = (
			);
			name = "Mph Club";
			productName = "Mph Club";
			productReference = 3591B8B920DAC06C00BA0CF9 /* Mph Club.app */;
			productType = "com.apple.product-type.application";
		};
		3591B8CC20DAC06D00BA0CF9 /* Mph ClubTests */ = {
			isa = PBXNativeTarget;
			buildConfigurationList = 3591B8E420DAC06D00BA0CF9 /* Build configuration list for PBXNativeTarget "Mph ClubTests" */;
			buildPhases = (
				2AB3111B996CF4C64BBF7A30 /* [CP] Check Pods Manifest.lock */,
				3591B8C920DAC06D00BA0CF9 /* Sources */,
				3591B8CA20DAC06D00BA0CF9 /* Frameworks */,
				3591B8CB20DAC06D00BA0CF9 /* Resources */,
			);
			buildRules = (
			);
			dependencies = (
				3591B8CF20DAC06D00BA0CF9 /* PBXTargetDependency */,
			);
			name = "Mph ClubTests";
			productName = "Mph ClubTests";
			productReference = 3591B8CD20DAC06D00BA0CF9 /* Mph ClubTests.xctest */;
			productType = "com.apple.product-type.bundle.unit-test";
		};
		3591B8D720DAC06D00BA0CF9 /* Mph ClubUITests */ = {
			isa = PBXNativeTarget;
			buildConfigurationList = 3591B8E720DAC06D00BA0CF9 /* Build configuration list for PBXNativeTarget "Mph ClubUITests" */;
			buildPhases = (
				33EA73F654DA9100D35F3A79 /* [CP] Check Pods Manifest.lock */,
				3591B8D420DAC06D00BA0CF9 /* Sources */,
				3591B8D520DAC06D00BA0CF9 /* Frameworks */,
				3591B8D620DAC06D00BA0CF9 /* Resources */,
			);
			buildRules = (
			);
			dependencies = (
				3591B8DA20DAC06D00BA0CF9 /* PBXTargetDependency */,
			);
			name = "Mph ClubUITests";
			productName = "Mph ClubUITests";
			productReference = 3591B8D820DAC06D00BA0CF9 /* Mph ClubUITests.xctest */;
			productType = "com.apple.product-type.bundle.ui-testing";
		};
/* End PBXNativeTarget section */

/* Begin PBXProject section */
		3591B8B120DAC06C00BA0CF9 /* Project object */ = {
			isa = PBXProject;
			attributes = {
				LastSwiftUpdateCheck = 0940;
				LastUpgradeCheck = 0940;
				ORGANIZATIONNAME = "Mph Club";
				TargetAttributes = {
					3591B8B820DAC06C00BA0CF9 = {
						CreatedOnToolsVersion = 9.4.1;
					};
					3591B8CC20DAC06D00BA0CF9 = {
						CreatedOnToolsVersion = 9.4.1;
						TestTargetID = 3591B8B820DAC06C00BA0CF9;
					};
					3591B8D720DAC06D00BA0CF9 = {
						CreatedOnToolsVersion = 9.4.1;
						TestTargetID = 3591B8B820DAC06C00BA0CF9;
					};
				};
			};
			buildConfigurationList = 3591B8B420DAC06C00BA0CF9 /* Build configuration list for PBXProject "Mph Club" */;
			compatibilityVersion = "Xcode 9.3";
			developmentRegion = en;
			hasScannedForEncodings = 0;
			knownRegions = (
				en,
				Base,
			);
			mainGroup = 3591B8B020DAC06C00BA0CF9;
			productRefGroup = 3591B8BA20DAC06C00BA0CF9 /* Products */;
			projectDirPath = "";
			projectRoot = "";
			targets = (
				3591B8B820DAC06C00BA0CF9 /* Mph Club */,
				3591B8CC20DAC06D00BA0CF9 /* Mph ClubTests */,
				3591B8D720DAC06D00BA0CF9 /* Mph ClubUITests */,
			);
		};
/* End PBXProject section */

/* Begin PBXResourcesBuildPhase section */
		3591B8B720DAC06C00BA0CF9 /* Resources */ = {
			isa = PBXResourcesBuildPhase;
			buildActionMask = 2147483647;
			files = (
				35CC0D7F20F7A33800575225 /* dontknowcar.jpg in Resources */,
				35DBE66320E3E1DD0041325A /* LoginSlide.storyboard in Resources */,
				3598E02520EBBADF00E595EE /* TabView.storyboard in Resources */,
				350881A820EA7CCA00ED2B5E /* CreateAccount.storyboard in Resources */,
				357E09062100CCD90033FD0E /* ListCar.storyboard in Resources */,
				3591B8C720DAC06D00BA0CF9 /* LaunchScreen.storyboard in Resources */,
				350881AA20EA7CFF00ED2B5E /* Login.storyboard in Resources */,
				3591B8C420DAC06D00BA0CF9 /* Assets.xcassets in Resources */,
			);
			runOnlyForDeploymentPostprocessing = 0;
		};
		3591B8CB20DAC06D00BA0CF9 /* Resources */ = {
			isa = PBXResourcesBuildPhase;
			buildActionMask = 2147483647;
			files = (
			);
			runOnlyForDeploymentPostprocessing = 0;
		};
		3591B8D620DAC06D00BA0CF9 /* Resources */ = {
			isa = PBXResourcesBuildPhase;
			buildActionMask = 2147483647;
			files = (
			);
			runOnlyForDeploymentPostprocessing = 0;
		};
/* End PBXResourcesBuildPhase section */

/* Begin PBXShellScriptBuildPhase section */
		2AB3111B996CF4C64BBF7A30 /* [CP] Check Pods Manifest.lock */ = {
			isa = PBXShellScriptBuildPhase;
			buildActionMask = 2147483647;
			files = (
			);
			inputPaths = (
				"${PODS_PODFILE_DIR_PATH}/Podfile.lock",
				"${PODS_ROOT}/Manifest.lock",
			);
			name = "[CP] Check Pods Manifest.lock";
			outputPaths = (
				"$(DERIVED_FILE_DIR)/Pods-Mph ClubTests-checkManifestLockResult.txt",
			);
			runOnlyForDeploymentPostprocessing = 0;
			shellPath = /bin/sh;
			shellScript = "diff \"${PODS_PODFILE_DIR_PATH}/Podfile.lock\" \"${PODS_ROOT}/Manifest.lock\" > /dev/null\nif [ $? != 0 ] ; then\n    # print error to STDERR\n    echo \"error: The sandbox is not in sync with the Podfile.lock. Run 'pod install' or update your CocoaPods installation.\" >&2\n    exit 1\nfi\n# This output is used by Xcode 'outputs' to avoid re-running this script phase.\necho \"SUCCESS\" > \"${SCRIPT_OUTPUT_FILE_0}\"\n";
			showEnvVarsInLog = 0;
		};
		33EA73F654DA9100D35F3A79 /* [CP] Check Pods Manifest.lock */ = {
			isa = PBXShellScriptBuildPhase;
			buildActionMask = 2147483647;
			files = (
			);
			inputPaths = (
				"${PODS_PODFILE_DIR_PATH}/Podfile.lock",
				"${PODS_ROOT}/Manifest.lock",
			);
			name = "[CP] Check Pods Manifest.lock";
			outputPaths = (
				"$(DERIVED_FILE_DIR)/Pods-Mph ClubUITests-checkManifestLockResult.txt",
			);
			runOnlyForDeploymentPostprocessing = 0;
			shellPath = /bin/sh;
			shellScript = "diff \"${PODS_PODFILE_DIR_PATH}/Podfile.lock\" \"${PODS_ROOT}/Manifest.lock\" > /dev/null\nif [ $? != 0 ] ; then\n    # print error to STDERR\n    echo \"error: The sandbox is not in sync with the Podfile.lock. Run 'pod install' or update your CocoaPods installation.\" >&2\n    exit 1\nfi\n# This output is used by Xcode 'outputs' to avoid re-running this script phase.\necho \"SUCCESS\" > \"${SCRIPT_OUTPUT_FILE_0}\"\n";
			showEnvVarsInLog = 0;
		};
		754CCB652FFD30B1F6B6C234 /* [CP] Check Pods Manifest.lock */ = {
			isa = PBXShellScriptBuildPhase;
			buildActionMask = 2147483647;
			files = (
			);
			inputPaths = (
				"${PODS_PODFILE_DIR_PATH}/Podfile.lock",
				"${PODS_ROOT}/Manifest.lock",
			);
			name = "[CP] Check Pods Manifest.lock";
			outputPaths = (
				"$(DERIVED_FILE_DIR)/Pods-Mph Club-checkManifestLockResult.txt",
			);
			runOnlyForDeploymentPostprocessing = 0;
			shellPath = /bin/sh;
			shellScript = "diff \"${PODS_PODFILE_DIR_PATH}/Podfile.lock\" \"${PODS_ROOT}/Manifest.lock\" > /dev/null\nif [ $? != 0 ] ; then\n    # print error to STDERR\n    echo \"error: The sandbox is not in sync with the Podfile.lock. Run 'pod install' or update your CocoaPods installation.\" >&2\n    exit 1\nfi\n# This output is used by Xcode 'outputs' to avoid re-running this script phase.\necho \"SUCCESS\" > \"${SCRIPT_OUTPUT_FILE_0}\"\n";
			showEnvVarsInLog = 0;
		};
		BB480A94EE8B96B122414D3E /* [CP] Embed Pods Frameworks */ = {
			isa = PBXShellScriptBuildPhase;
			buildActionMask = 2147483647;
			files = (
			);
			inputPaths = (
				"${SRCROOT}/Pods/Target Support Files/Pods-Mph Club/Pods-Mph Club-frameworks.sh",
				"${BUILT_PRODUCTS_DIR}/APJTextPickerView/APJTextPickerView.framework",
			);
			name = "[CP] Embed Pods Frameworks";
			outputPaths = (
				"${TARGET_BUILD_DIR}/${FRAMEWORKS_FOLDER_PATH}/APJTextPickerView.framework",
			);
			runOnlyForDeploymentPostprocessing = 0;
			shellPath = /bin/sh;
			shellScript = "\"${SRCROOT}/Pods/Target Support Files/Pods-Mph Club/Pods-Mph Club-frameworks.sh\"\n";
			showEnvVarsInLog = 0;
		};
/* End PBXShellScriptBuildPhase section */

/* Begin PBXSourcesBuildPhase section */
		3591B8B520DAC06C00BA0CF9 /* Sources */ = {
			isa = PBXSourcesBuildPhase;
			buildActionMask = 2147483647;
			files = (
				3582C3022102313400F4A6EF /* BookingWindowViewController.swift in Sources */,
				35CC0D8B20F7BF4E00575225 /* MainTabBar.swift in Sources */,
				35DAA30620ED11EE0083CA93 /* MapViewController.swift in Sources */,
				35FAB4A020E57A62008EED64 /* CreateAccountViewController.swift in Sources */,
				357E08FC20FE830F0033FD0E /* PopUpForDLViewController.swift in Sources */,
				357E090220FFB88D0033FD0E /* TakeRegistrationPicViewController.swift in Sources */,
				35207DCE20E3D64800BA838A /* LoginViewController.swift in Sources */,
				354BE3E421010B690094E32F /* AboutYourCarContainerViewController.swift in Sources */,
				35DAA31020EFDD7E0083CA93 /* ProgressViewController.swift in Sources */,
				35CC0D8120F7A34600575225 /* Helpers.swift in Sources */,
				35789D1320F4338200A07445 /* SearchViewController.swift in Sources */,
				357E08F820FD25D20033FD0E /* EnterDLViewController.swift in Sources */,
				35DAA30220ED0EC60083CA93 /* AddressViewController.swift in Sources */,
				3582C2F8210118B200F4A6EF /* AddAPhotoOfCarViewController.swift in Sources */,
				35DAA30420ED11E30083CA93 /* LocationSearchTable.swift in Sources */,
				35789D1720F4412400A07445 /* BookingMapViewController.swift in Sources */,
				35CC0D8320F7A34E00575225 /* TableViewCell.swift in Sources */,
				35DAA31820F401280083CA93 /* FleetTableViewController.swift in Sources */,
				3582C2FE210223DD00F4A6EF /* PhotoReviewViewController.swift in Sources */,
				35CC0D8720F7A41F00575225 /* UINavigationBar+Alpha.swift in Sources */,
				3582C2FA2101193E00F4A6EF /* CarPhotoViewViewController.swift in Sources */,
				35DBE66520E3EECD0041325A /* LoginSlideViewController.swift in Sources */,
				3582C30A21026DB800F4A6EF /* AboutPriceViewController.swift in Sources */,
				3591B8BD20DAC06C00BA0CF9 /* AppDelegate.swift in Sources */,
				3582C306210231E500F4A6EF /* SetPriceViewController.swift in Sources */,
				357E08F620FD1D8A0033FD0E /* EnterCodeViewController.swift in Sources */,
				35789D1920F4418C00A07445 /* BookingLocationSearchTable.swift in Sources */,
				35DAA31C20F40A320083CA93 /* DetailViewController.swift in Sources */,
				3598E02220EBB8E100E595EE /* MphTextField.swift in Sources */,
				35DAA31A20F403C80083CA93 /* FleetTableViewCell.swift in Sources */,
				357E08FE20FF82D40033FD0E /* TakeInsurancePicViewController.swift in Sources */,
				357E090420FFBE4B0033FD0E /* RegisPhotoViewController.swift in Sources */,
				35DAA30820ED1FAC0083CA93 /* InfoCarLocationViewController.swift in Sources */,
				357E08F420FCF9930033FD0E /* VerifyPhoneViewController.swift in Sources */,
				3582C308210265F800F4A6EF /* AddPriceViewController.swift in Sources */,
				35DAA30C20EFAAA40083CA93 /* CarEligibilityViewController.swift in Sources */,
				35DAA31620F3DC060083CA93 /* HomeViewController.swift in Sources */,
				3582C30021022C2100F4A6EF /* HowBookingWorksViewController.swift in Sources */,
				357E09082100D2A40033FD0E /* TellUsAboutYourCarViewController.swift in Sources */,
				357E090020FFB0D90033FD0E /* PhotoViewController.swift in Sources */,
				350881A620EA71D500ED2B5E /* CustomNavController.swift in Sources */,
				3582C2FC2101297C00F4A6EF /* AddProfilePhotoViewController.swift in Sources */,
				357E08FA20FE7D050033FD0E /* LicenseDetailViewController.swift in Sources */,
				35CC0D7D20F7A31800575225 /* ExplorerViewController.swift in Sources */,
				35F2050020E407C200A544F4 /* LoginSlideMainViewController.swift in Sources */,
				35CC0D8920F7A42100575225 /* UIScrollView+ScalableCover.swift in Sources */,
				3582C3042102318100F4A6EF /* TripLengthViewController.swift in Sources */,
				35DAA30E20EFBEC80083CA93 /* nextButton.swift in Sources */,
			);
			runOnlyForDeploymentPostprocessing = 0;
		};
		3591B8C920DAC06D00BA0CF9 /* Sources */ = {
			isa = PBXSourcesBuildPhase;
			buildActionMask = 2147483647;
			files = (
				3591B8D220DAC06D00BA0CF9 /* Mph_ClubTests.swift in Sources */,
			);
			runOnlyForDeploymentPostprocessing = 0;
		};
		3591B8D420DAC06D00BA0CF9 /* Sources */ = {
			isa = PBXSourcesBuildPhase;
			buildActionMask = 2147483647;
			files = (
				3591B8DD20DAC06D00BA0CF9 /* Mph_ClubUITests.swift in Sources */,
			);
			runOnlyForDeploymentPostprocessing = 0;
		};
/* End PBXSourcesBuildPhase section */

/* Begin PBXTargetDependency section */
		3591B8CF20DAC06D00BA0CF9 /* PBXTargetDependency */ = {
			isa = PBXTargetDependency;
			target = 3591B8B820DAC06C00BA0CF9 /* Mph Club */;
			targetProxy = 3591B8CE20DAC06D00BA0CF9 /* PBXContainerItemProxy */;
		};
		3591B8DA20DAC06D00BA0CF9 /* PBXTargetDependency */ = {
			isa = PBXTargetDependency;
			target = 3591B8B820DAC06C00BA0CF9 /* Mph Club */;
			targetProxy = 3591B8D920DAC06D00BA0CF9 /* PBXContainerItemProxy */;
		};
/* End PBXTargetDependency section */

/* Begin PBXVariantGroup section */
		3591B8C520DAC06D00BA0CF9 /* LaunchScreen.storyboard */ = {
			isa = PBXVariantGroup;
			children = (
				3591B8C620DAC06D00BA0CF9 /* Base */,
			);
			name = LaunchScreen.storyboard;
			sourceTree = "<group>";
		};
/* End PBXVariantGroup section */

/* Begin XCBuildConfiguration section */
		3591B8DF20DAC06D00BA0CF9 /* Debug */ = {
			isa = XCBuildConfiguration;
			buildSettings = {
				ALWAYS_SEARCH_USER_PATHS = NO;
				CLANG_ANALYZER_NONNULL = YES;
				CLANG_ANALYZER_NUMBER_OBJECT_CONVERSION = YES_AGGRESSIVE;
				CLANG_CXX_LANGUAGE_STANDARD = "gnu++14";
				CLANG_CXX_LIBRARY = "libc++";
				CLANG_ENABLE_MODULES = YES;
				CLANG_ENABLE_OBJC_ARC = YES;
				CLANG_ENABLE_OBJC_WEAK = YES;
				CLANG_WARN_BLOCK_CAPTURE_AUTORELEASING = YES;
				CLANG_WARN_BOOL_CONVERSION = YES;
				CLANG_WARN_COMMA = YES;
				CLANG_WARN_CONSTANT_CONVERSION = YES;
				CLANG_WARN_DEPRECATED_OBJC_IMPLEMENTATIONS = YES;
				CLANG_WARN_DIRECT_OBJC_ISA_USAGE = YES_ERROR;
				CLANG_WARN_DOCUMENTATION_COMMENTS = YES;
				CLANG_WARN_EMPTY_BODY = YES;
				CLANG_WARN_ENUM_CONVERSION = YES;
				CLANG_WARN_INFINITE_RECURSION = YES;
				CLANG_WARN_INT_CONVERSION = YES;
				CLANG_WARN_NON_LITERAL_NULL_CONVERSION = YES;
				CLANG_WARN_OBJC_IMPLICIT_RETAIN_SELF = YES;
				CLANG_WARN_OBJC_LITERAL_CONVERSION = YES;
				CLANG_WARN_OBJC_ROOT_CLASS = YES_ERROR;
				CLANG_WARN_RANGE_LOOP_ANALYSIS = YES;
				CLANG_WARN_STRICT_PROTOTYPES = YES;
				CLANG_WARN_SUSPICIOUS_MOVE = YES;
				CLANG_WARN_UNGUARDED_AVAILABILITY = YES_AGGRESSIVE;
				CLANG_WARN_UNREACHABLE_CODE = YES;
				CLANG_WARN__DUPLICATE_METHOD_MATCH = YES;
				CODE_SIGN_IDENTITY = "iPhone Developer";
				COPY_PHASE_STRIP = NO;
				DEBUG_INFORMATION_FORMAT = dwarf;
				ENABLE_STRICT_OBJC_MSGSEND = YES;
				ENABLE_TESTABILITY = YES;
				GCC_C_LANGUAGE_STANDARD = gnu11;
				GCC_DYNAMIC_NO_PIC = NO;
				GCC_NO_COMMON_BLOCKS = YES;
				GCC_OPTIMIZATION_LEVEL = 0;
				GCC_PREPROCESSOR_DEFINITIONS = (
					"DEBUG=1",
					"$(inherited)",
				);
				GCC_WARN_64_TO_32_BIT_CONVERSION = YES;
				GCC_WARN_ABOUT_RETURN_TYPE = YES_ERROR;
				GCC_WARN_UNDECLARED_SELECTOR = YES;
				GCC_WARN_UNINITIALIZED_AUTOS = YES_AGGRESSIVE;
				GCC_WARN_UNUSED_FUNCTION = YES;
				GCC_WARN_UNUSED_VARIABLE = YES;
				IPHONEOS_DEPLOYMENT_TARGET = 11.4;
				MTL_ENABLE_DEBUG_INFO = YES;
				ONLY_ACTIVE_ARCH = YES;
				SDKROOT = iphoneos;
				SWIFT_ACTIVE_COMPILATION_CONDITIONS = DEBUG;
				SWIFT_OPTIMIZATION_LEVEL = "-Onone";
			};
			name = Debug;
		};
		3591B8E020DAC06D00BA0CF9 /* Release */ = {
			isa = XCBuildConfiguration;
			buildSettings = {
				ALWAYS_SEARCH_USER_PATHS = NO;
				CLANG_ANALYZER_NONNULL = YES;
				CLANG_ANALYZER_NUMBER_OBJECT_CONVERSION = YES_AGGRESSIVE;
				CLANG_CXX_LANGUAGE_STANDARD = "gnu++14";
				CLANG_CXX_LIBRARY = "libc++";
				CLANG_ENABLE_MODULES = YES;
				CLANG_ENABLE_OBJC_ARC = YES;
				CLANG_ENABLE_OBJC_WEAK = YES;
				CLANG_WARN_BLOCK_CAPTURE_AUTORELEASING = YES;
				CLANG_WARN_BOOL_CONVERSION = YES;
				CLANG_WARN_COMMA = YES;
				CLANG_WARN_CONSTANT_CONVERSION = YES;
				CLANG_WARN_DEPRECATED_OBJC_IMPLEMENTATIONS = YES;
				CLANG_WARN_DIRECT_OBJC_ISA_USAGE = YES_ERROR;
				CLANG_WARN_DOCUMENTATION_COMMENTS = YES;
				CLANG_WARN_EMPTY_BODY = YES;
				CLANG_WARN_ENUM_CONVERSION = YES;
				CLANG_WARN_INFINITE_RECURSION = YES;
				CLANG_WARN_INT_CONVERSION = YES;
				CLANG_WARN_NON_LITERAL_NULL_CONVERSION = YES;
				CLANG_WARN_OBJC_IMPLICIT_RETAIN_SELF = YES;
				CLANG_WARN_OBJC_LITERAL_CONVERSION = YES;
				CLANG_WARN_OBJC_ROOT_CLASS = YES_ERROR;
				CLANG_WARN_RANGE_LOOP_ANALYSIS = YES;
				CLANG_WARN_STRICT_PROTOTYPES = YES;
				CLANG_WARN_SUSPICIOUS_MOVE = YES;
				CLANG_WARN_UNGUARDED_AVAILABILITY = YES_AGGRESSIVE;
				CLANG_WARN_UNREACHABLE_CODE = YES;
				CLANG_WARN__DUPLICATE_METHOD_MATCH = YES;
				CODE_SIGN_IDENTITY = "iPhone Developer";
				COPY_PHASE_STRIP = NO;
				DEBUG_INFORMATION_FORMAT = "dwarf-with-dsym";
				ENABLE_NS_ASSERTIONS = NO;
				ENABLE_STRICT_OBJC_MSGSEND = YES;
				GCC_C_LANGUAGE_STANDARD = gnu11;
				GCC_NO_COMMON_BLOCKS = YES;
				GCC_WARN_64_TO_32_BIT_CONVERSION = YES;
				GCC_WARN_ABOUT_RETURN_TYPE = YES_ERROR;
				GCC_WARN_UNDECLARED_SELECTOR = YES;
				GCC_WARN_UNINITIALIZED_AUTOS = YES_AGGRESSIVE;
				GCC_WARN_UNUSED_FUNCTION = YES;
				GCC_WARN_UNUSED_VARIABLE = YES;
				IPHONEOS_DEPLOYMENT_TARGET = 11.4;
				MTL_ENABLE_DEBUG_INFO = NO;
				SDKROOT = iphoneos;
				SWIFT_COMPILATION_MODE = wholemodule;
				SWIFT_OPTIMIZATION_LEVEL = "-O";
				VALIDATE_PRODUCT = YES;
			};
			name = Release;
		};
		3591B8E220DAC06D00BA0CF9 /* Debug */ = {
			isa = XCBuildConfiguration;
			baseConfigurationReference = C942EABB279C1289311BC45B /* Pods-Mph Club.debug.xcconfig */;
			buildSettings = {
				ASSETCATALOG_COMPILER_APPICON_NAME = AppIcon;
				CODE_SIGN_STYLE = Automatic;
				DEVELOPMENT_TEAM = V25FP97PQT;
				INFOPLIST_FILE = "Mph Club/Info.plist";
				LD_RUNPATH_SEARCH_PATHS = (
					"$(inherited)",
					"@executable_path/Frameworks",
				);
				PRODUCT_BUNDLE_IDENTIFIER = "com.mphclub.Mph-Club";
				PRODUCT_NAME = "$(TARGET_NAME)";
				SWIFT_VERSION = 4.0;
				TARGETED_DEVICE_FAMILY = 1;
			};
			name = Debug;
		};
		3591B8E320DAC06D00BA0CF9 /* Release */ = {
			isa = XCBuildConfiguration;
			baseConfigurationReference = 291D39155390D518EB2C20A1 /* Pods-Mph Club.release.xcconfig */;
			buildSettings = {
				ASSETCATALOG_COMPILER_APPICON_NAME = AppIcon;
				CODE_SIGN_STYLE = Automatic;
				DEVELOPMENT_TEAM = V25FP97PQT;
				INFOPLIST_FILE = "Mph Club/Info.plist";
				LD_RUNPATH_SEARCH_PATHS = (
					"$(inherited)",
					"@executable_path/Frameworks",
				);
				PRODUCT_BUNDLE_IDENTIFIER = "com.mphclub.Mph-Club";
				PRODUCT_NAME = "$(TARGET_NAME)";
				SWIFT_VERSION = 4.0;
				TARGETED_DEVICE_FAMILY = 1;
			};
			name = Release;
		};
		3591B8E520DAC06D00BA0CF9 /* Debug */ = {
			isa = XCBuildConfiguration;
			baseConfigurationReference = C6678FCD28F2CB68E51F0663 /* Pods-Mph ClubTests.debug.xcconfig */;
			buildSettings = {
				ALWAYS_EMBED_SWIFT_STANDARD_LIBRARIES = YES;
				BUNDLE_LOADER = "$(TEST_HOST)";
				CODE_SIGN_STYLE = Automatic;
				INFOPLIST_FILE = "Mph ClubTests/Info.plist";
				LD_RUNPATH_SEARCH_PATHS = (
					"$(inherited)",
					"@executable_path/Frameworks",
					"@loader_path/Frameworks",
				);
				PRODUCT_BUNDLE_IDENTIFIER = "com.mphclub.Mph-ClubTests";
				PRODUCT_NAME = "$(TARGET_NAME)";
				SWIFT_VERSION = 4.0;
				TARGETED_DEVICE_FAMILY = "1,2";
				TEST_HOST = "$(BUILT_PRODUCTS_DIR)/Mph Club.app/Mph Club";
			};
			name = Debug;
		};
		3591B8E620DAC06D00BA0CF9 /* Release */ = {
			isa = XCBuildConfiguration;
			baseConfigurationReference = 3176405848C444407020B868 /* Pods-Mph ClubTests.release.xcconfig */;
			buildSettings = {
				ALWAYS_EMBED_SWIFT_STANDARD_LIBRARIES = YES;
				BUNDLE_LOADER = "$(TEST_HOST)";
				CODE_SIGN_STYLE = Automatic;
				INFOPLIST_FILE = "Mph ClubTests/Info.plist";
				LD_RUNPATH_SEARCH_PATHS = (
					"$(inherited)",
					"@executable_path/Frameworks",
					"@loader_path/Frameworks",
				);
				PRODUCT_BUNDLE_IDENTIFIER = "com.mphclub.Mph-ClubTests";
				PRODUCT_NAME = "$(TARGET_NAME)";
				SWIFT_VERSION = 4.0;
				TARGETED_DEVICE_FAMILY = "1,2";
				TEST_HOST = "$(BUILT_PRODUCTS_DIR)/Mph Club.app/Mph Club";
			};
			name = Release;
		};
		3591B8E820DAC06D00BA0CF9 /* Debug */ = {
			isa = XCBuildConfiguration;
			baseConfigurationReference = 51BAC262AF545D38A1083D6A /* Pods-Mph ClubUITests.debug.xcconfig */;
			buildSettings = {
				ALWAYS_EMBED_SWIFT_STANDARD_LIBRARIES = YES;
				CODE_SIGN_STYLE = Automatic;
				INFOPLIST_FILE = "Mph ClubUITests/Info.plist";
				LD_RUNPATH_SEARCH_PATHS = (
					"$(inherited)",
					"@executable_path/Frameworks",
					"@loader_path/Frameworks",
				);
				PRODUCT_BUNDLE_IDENTIFIER = "com.mphclub.Mph-ClubUITests";
				PRODUCT_NAME = "$(TARGET_NAME)";
				SWIFT_VERSION = 4.0;
				TARGETED_DEVICE_FAMILY = "1,2";
				TEST_TARGET_NAME = "Mph Club";
			};
			name = Debug;
		};
		3591B8E920DAC06D00BA0CF9 /* Release */ = {
			isa = XCBuildConfiguration;
			baseConfigurationReference = 49C622BB5CBAF9FF1FF7721B /* Pods-Mph ClubUITests.release.xcconfig */;
			buildSettings = {
				ALWAYS_EMBED_SWIFT_STANDARD_LIBRARIES = YES;
				CODE_SIGN_STYLE = Automatic;
				INFOPLIST_FILE = "Mph ClubUITests/Info.plist";
				LD_RUNPATH_SEARCH_PATHS = (
					"$(inherited)",
					"@executable_path/Frameworks",
					"@loader_path/Frameworks",
				);
				PRODUCT_BUNDLE_IDENTIFIER = "com.mphclub.Mph-ClubUITests";
				PRODUCT_NAME = "$(TARGET_NAME)";
				SWIFT_VERSION = 4.0;
				TARGETED_DEVICE_FAMILY = "1,2";
				TEST_TARGET_NAME = "Mph Club";
			};
			name = Release;
		};
/* End XCBuildConfiguration section */

/* Begin XCConfigurationList section */
		3591B8B420DAC06C00BA0CF9 /* Build configuration list for PBXProject "Mph Club" */ = {
			isa = XCConfigurationList;
			buildConfigurations = (
				3591B8DF20DAC06D00BA0CF9 /* Debug */,
				3591B8E020DAC06D00BA0CF9 /* Release */,
			);
			defaultConfigurationIsVisible = 0;
			defaultConfigurationName = Release;
		};
		3591B8E120DAC06D00BA0CF9 /* Build configuration list for PBXNativeTarget "Mph Club" */ = {
			isa = XCConfigurationList;
			buildConfigurations = (
				3591B8E220DAC06D00BA0CF9 /* Debug */,
				3591B8E320DAC06D00BA0CF9 /* Release */,
			);
			defaultConfigurationIsVisible = 0;
			defaultConfigurationName = Release;
		};
		3591B8E420DAC06D00BA0CF9 /* Build configuration list for PBXNativeTarget "Mph ClubTests" */ = {
			isa = XCConfigurationList;
			buildConfigurations = (
				3591B8E520DAC06D00BA0CF9 /* Debug */,
				3591B8E620DAC06D00BA0CF9 /* Release */,
			);
			defaultConfigurationIsVisible = 0;
			defaultConfigurationName = Release;
		};
		3591B8E720DAC06D00BA0CF9 /* Build configuration list for PBXNativeTarget "Mph ClubUITests" */ = {
			isa = XCConfigurationList;
			buildConfigurations = (
				3591B8E820DAC06D00BA0CF9 /* Debug */,
				3591B8E920DAC06D00BA0CF9 /* Release */,
			);
			defaultConfigurationIsVisible = 0;
			defaultConfigurationName = Release;
		};
/* End XCConfigurationList section */
	};
	rootObject = 3591B8B120DAC06C00BA0CF9 /* Project object */;
}
